
Microsoft Visual Studio Solution File, Format Version 12.00
# Visual Studio Version 16
VisualStudioVersion = 16.0.30523.141
MinimumVisualStudioVersion = 10.0.40219.1
Project("{FAE04EC0-301F-11D3-BF4B-00C04F79EFBC}") = "PIII_Lab3", "PIII_Lab3\PIII_Lab3.csproj", "{78C2E416-E1DE-4FC8-AFD3-7D00ABAF3602}"
EndProject
Global
	GlobalSection(SolutionConfigurationPlatforms) = preSolution
		Debug|Any CPU = Debug|Any CPU
		Release|Any CPU = Release|Any CPU
	EndGlobalSection
	GlobalSection(ProjectConfigurationPlatforms) = postSolution
		{78C2E416-E1DE-4FC8-AFD3-7D00ABAF3602}.Debug|Any CPU.ActiveCfg = Debug|Any CPU
		{78C2E416-E1DE-4FC8-AFD3-7D00ABAF3602}.Debug|Any CPU.Build.0 = Debug|Any CPU
		{78C2E416-E1DE-4FC8-AFD3-7D00ABAF3602}.Release|Any CPU.ActiveCfg = Release|Any CPU
		{78C2E416-E1DE-4FC8-AFD3-7D00ABAF3602}.Release|Any CPU.Build.0 = Release|Any CPU
	EndGlobalSection
	GlobalSection(SolutionProperties) = preSolution
		HideSolutionNode = FALSE
	EndGlobalSection
	GlobalSection(ExtensibilityGlobals) = postSolution
		SolutionGuid = {A3292F11-074B-4C26-9BB9-4EFDFD6F9206}
	EndGlobalSection
EndGlobal
